
Microsoft Visual Studio Solution File, Format Version 12.00
# Visual Studio Version 16
VisualStudioVersion = 16.0.30907.101
MinimumVisualStudioVersion = 10.0.40219.1
Project("{FAE04EC0-301F-11D3-BF4B-00C04F79EFBC}") = "FA.JustBlog.Models", "FA.JustBlog.Models\FA.JustBlog.Models.csproj", "{BDA93793-E131-4D5B-AC5D-91F508954AE2}"
EndProject
Project("{FAE04EC0-301F-11D3-BF4B-00C04F79EFBC}") = "FA.JustBlog.Data", "FA.JustBlog.Data\FA.JustBlog.Data.csproj", "{51C5183D-8948-44DF-9F26-54B986B2B0F8}"
EndProject
Project("{FAE04EC0-301F-11D3-BF4B-00C04F79EFBC}") = "FA.JustBlog.Services", "FA.JustBlog.Services\FA.JustBlog.Services.csproj", "{AE7A71CA-ECE2-4917-AFF2-508E48F45D25}"
EndProject
Project("{FAE04EC0-301F-11D3-BF4B-00C04F79EFBC}") = "FA.JustBlog.Common", "FA.JustBlog.Common\FA.JustBlog.Common.csproj", "{00201A08-8C4F-4890-82E6-3A07A588ECAE}"
EndProject
Project("{FAE04EC0-301F-11D3-BF4B-00C04F79EFBC}") = "FA.JustBlog.DemoConsole", "FA.JustBlog.DemoConsole\FA.JustBlog.DemoConsole.csproj", "{84FC371F-A072-4101-913F-DADAF2B1F574}"
EndProject
Project("{FAE04EC0-301F-11D3-BF4B-00C04F79EFBC}") = "FA.JustBlog.WebMVC", "FA.JustBlog.WebMVC\FA.JustBlog.WebMVC.csproj", "{4208BF96-3B03-4DD1-8D33-293EE0E28DA9}"
EndProject
Project("{FAE04EC0-301F-11D3-BF4B-00C04F79EFBC}") = "FA.JustBlog.WebMVC2", "FA.JustBlog.WebMVC2\FA.JustBlog.WebMVC2.csproj", "{8B4B277E-612C-4FB6-A351-FF0C5D3A2E15}"
EndProject
Global
	GlobalSection(SolutionConfigurationPlatforms) = preSolution
		Debug|Any CPU = Debug|Any CPU
		Release|Any CPU = Release|Any CPU
	EndGlobalSection
	GlobalSection(ProjectConfigurationPlatforms) = postSolution
		{BDA93793-E131-4D5B-AC5D-91F508954AE2}.Debug|Any CPU.ActiveCfg = Debug|Any CPU
		{BDA93793-E131-4D5B-AC5D-91F508954AE2}.Debug|Any CPU.Build.0 = Debug|Any CPU
		{BDA93793-E131-4D5B-AC5D-91F508954AE2}.Release|Any CPU.ActiveCfg = Release|Any CPU
		{BDA93793-E131-4D5B-AC5D-91F508954AE2}.Release|Any CPU.Build.0 = Release|Any CPU
		{51C5183D-8948-44DF-9F26-54B986B2B0F8}.Debug|Any CPU.ActiveCfg = Debug|Any CPU
		{51C5183D-8948-44DF-9F26-54B986B2B0F8}.Debug|Any CPU.Build.0 = Debug|Any CPU
		{51C5183D-8948-44DF-9F26-54B986B2B0F8}.Release|Any CPU.ActiveCfg = Release|Any CPU
		{51C5183D-8948-44DF-9F26-54B986B2B0F8}.Release|Any CPU.Build.0 = Release|Any CPU
		{AE7A71CA-ECE2-4917-AFF2-508E48F45D25}.Debug|Any CPU.ActiveCfg = Debug|Any CPU
		{AE7A71CA-ECE2-4917-AFF2-508E48F45D25}.Debug|Any CPU.Build.0 = Debug|Any CPU
		{AE7A71CA-ECE2-4917-AFF2-508E48F45D25}.Release|Any CPU.ActiveCfg = Release|Any CPU
		{AE7A71CA-ECE2-4917-AFF2-508E48F45D25}.Release|Any CPU.Build.0 = Release|Any CPU
		{00201A08-8C4F-4890-82E6-3A07A588ECAE}.Debug|Any CPU.ActiveCfg = Debug|Any CPU
		{00201A08-8C4F-4890-82E6-3A07A588ECAE}.Debug|Any CPU.Build.0 = Debug|Any CPU
		{00201A08-8C4F-4890-82E6-3A07A588ECAE}.Release|Any CPU.ActiveCfg = Release|Any CPU
		{00201A08-8C4F-4890-82E6-3A07A588ECAE}.Release|Any CPU.Build.0 = Release|Any CPU
		{84FC371F-A072-4101-913F-DADAF2B1F574}.Debug|Any CPU.ActiveCfg = Debug|Any CPU
		{84FC371F-A072-4101-913F-DADAF2B1F574}.Debug|Any CPU.Build.0 = Debug|Any CPU
		{84FC371F-A072-4101-913F-DADAF2B1F574}.Release|Any CPU.ActiveCfg = Release|Any CPU
		{84FC371F-A072-4101-913F-DADAF2B1F574}.Release|Any CPU.Build.0 = Release|Any CPU
		{4208BF96-3B03-4DD1-8D33-293EE0E28DA9}.Debug|Any CPU.ActiveCfg = Debug|Any CPU
		{4208BF96-3B03-4DD1-8D33-293EE0E28DA9}.Debug|Any CPU.Build.0 = Debug|Any CPU
		{4208BF96-3B03-4DD1-8D33-293EE0E28DA9}.Release|Any CPU.ActiveCfg = Release|Any CPU
		{4208BF96-3B03-4DD1-8D33-293EE0E28DA9}.Release|Any CPU.Build.0 = Release|Any CPU
		{8B4B277E-612C-4FB6-A351-FF0C5D3A2E15}.Debug|Any CPU.ActiveCfg = Debug|Any CPU
		{8B4B277E-612C-4FB6-A351-FF0C5D3A2E15}.Debug|Any CPU.Build.0 = Debug|Any CPU
		{8B4B277E-612C-4FB6-A351-FF0C5D3A2E15}.Release|Any CPU.ActiveCfg = Release|Any CPU
		{8B4B277E-612C-4FB6-A351-FF0C5D3A2E15}.Release|Any CPU.Build.0 = Release|Any CPU
	EndGlobalSection
	GlobalSection(SolutionProperties) = preSolution
		HideSolutionNode = FALSE
	EndGlobalSection
	GlobalSection(ExtensibilityGlobals) = postSolution
		SolutionGuid = {4CEA29CF-8740-468E-BCDA-9EFEC26D3A54}
	EndGlobalSection
EndGlobal
